
Microsoft Visual Studio Solution File, Format Version 12.00
Project("{F2A71F9B-5D33-465A-A702-920D77279786}") = "Module", "Module.fsproj", "{8372090B-043D-4DB8-A3FF-54A179BD2127}"
EndProject
Global
	GlobalSection(SolutionConfigurationPlatforms) = preSolution
		Debug|Any CPU = Debug|Any CPU
		Release|Any CPU = Release|Any CPU
	EndGlobalSection
	GlobalSection(ProjectConfigurationPlatforms) = postSolution
		{8372090B-043D-4DB8-A3FF-54A179BD2127}.Debug|Any CPU.ActiveCfg = Debug|Any CPU
		{8372090B-043D-4DB8-A3FF-54A179BD2127}.Debug|Any CPU.Build.0 = Debug|Any CPU
		{8372090B-043D-4DB8-A3FF-54A179BD2127}.Release|Any CPU.ActiveCfg = Release|Any CPU
		{8372090B-043D-4DB8-A3FF-54A179BD2127}.Release|Any CPU.Build.0 = Release|Any CPU
	EndGlobalSection
EndGlobal
